schema: '2.0'
stages:
  make_dataset:
    cmd: python .\src\data\make_dataset.py .\data\raw\creditcard.csv
    deps:
    - path: .\data\raw\creditcard.csv
      hash: md5
      md5: 73227d40e06266d85f3a5cb79374087b
      size: 150827169
    - path: .\src\data\make_dataset.py
      hash: md5
      md5: 5d87ea0853101b748b17af0be510c2ac
      size: 1314
    params:
      params.yaml:
        make_dataset.seed: 2023
        make_dataset.test_split: 0.3
    outs:
    - path: .\data\processed\
      hash: md5
      md5: a3a5cd74e896954732742d093266d280.dir
      size: 151100942
      nfiles: 2
  train_model:
    cmd: python .\src\models\train_model.py .\data\processed\
    deps:
    - path: .\data\processed\
      hash: md5
      md5: a3a5cd74e896954732742d093266d280.dir
      size: 151100942
      nfiles: 2
    - path: .\src\models\train_model.py
      hash: md5
      md5: 5af92edffd22804f29af18c1efe94bbb
      size: 1362
    outs:
    - path: .\models\
      hash: md5
      md5: 26e393f0b99323a88b7a515bfab486e6.dir
      size: 2969
      nfiles: 1
  visualize:
    cmd: python .\src\visualization\visualize.py .\models\model.joblib .\data\processed\
    deps:
    - path: .\data\processed\
      hash: md5
      md5: a3a5cd74e896954732742d093266d280.dir
      size: 151100942
      nfiles: 2
    - path: .\models\model.joblib
      hash: md5
      md5: ff2e2c437ade6ecab795f7dffe455867
      size: 2969
    - path: .\src\visualization\visualize.py
      hash: md5
      md5: a91ca79bfaea995c333fa50841f86fde
      size: 3683
    outs:
    - path: dvclive
      hash: md5
      md5: c4a4459f451f7aef51909b0ac319e696.dir
      size: 18529168
      nfiles: 8
