schema: '2.0'
stages:
  make_dataset:
    cmd: python .\src\data\make_dataset.py .\data\raw\creditcard.csv
    deps:
    - path: .\data\raw\creditcard.csv
      hash: md5
      md5: e90efcb83d69faf99fcab8b0255024de
      size: 150828752
    - path: .\src\data\make_dataset.py
      hash: md5
      md5: 5d87ea0853101b748b17af0be510c2ac
      size: 1314
    params:
      params.yaml:
        make_dataset.seed: 2023
        make_dataset.test_split: 0.2
    outs:
    - path: .\data\processed\
      hash: md5
      md5: c1fe38e0fb7a0bc7f30cdd6de224dc94.dir
      size: 151102527
      nfiles: 2
  train_model:
    cmd: python .\src\models\train_model.py .\data\processed\
    deps:
    - path: .\data\processed\
      hash: md5
      md5: c1fe38e0fb7a0bc7f30cdd6de224dc94.dir
      size: 151102527
      nfiles: 2
    - path: .\src\models\train_model.py
      hash: md5
      md5: 5af92edffd22804f29af18c1efe94bbb
      size: 1362
    outs:
    - path: .\models\
      hash: md5
      md5: 33a0c7323ad240c56bf93d88d9597d2d.dir
      size: 399609
      nfiles: 1
  visualize:
    cmd: python .\src\visualization\visualize.py .\models\model.joblib .\data\processed\
    deps:
    - path: .\data\processed\
      hash: md5
      md5: c1fe38e0fb7a0bc7f30cdd6de224dc94.dir
      size: 151102527
      nfiles: 2
    - path: .\models\model.joblib
      hash: md5
      md5: 5f9f02f4d01e9fa7eb9aa1b69b44ef31
      size: 399609
    - path: .\src\visualization\visualize.py
      hash: md5
      md5: a91ca79bfaea995c333fa50841f86fde
      size: 3683
    outs:
    - path: dvclive
      hash: md5
      md5: e37c9d17fe8df679001f95a536c0dae8.dir
      size: 20018854
      nfiles: 8
